
Microsoft Visual Studio Solution File, Format Version 12.00
# Visual Studio Version 17
VisualStudioVersion = 17.12.35527.113
MinimumVisualStudioVersion = 10.0.40219.1
Project("{FAE04EC0-301F-11D3-BF4B-00C04F79EFBC}") = "GUI", "GUI\GUI.csproj", "{83351AA9-97AF-48F0-9FB6-FF4138D2614F}"
EndProject
Project("{FAE04EC0-301F-11D3-BF4B-00C04F79EFBC}") = "DTO", "DTO\DTO.csproj", "{F1910380-59D8-47D8-9534-C763F7CCDB65}"
EndProject
Project("{FAE04EC0-301F-11D3-BF4B-00C04F79EFBC}") = "BUS", "BUS\BUS.csproj", "{31ECF864-CA76-414A-9733-E1DA6451D99D}"
EndProject
Project("{FAE04EC0-301F-11D3-BF4B-00C04F79EFBC}") = "DAL", "DAL\DAL.csproj", "{8200A10E-A858-4BD4-8186-7E534781E186}"
EndProject
Project("{FAE04EC0-301F-11D3-BF4B-00C04F79EFBC}") = "Config", "Config\Config.csproj", "{581746A0-EB9E-4F81-A5E6-B92ACC906864}"
EndProject
Global
	GlobalSection(SolutionConfigurationPlatforms) = preSolution
		Debug|Any CPU = Debug|Any CPU
		Release|Any CPU = Release|Any CPU
	EndGlobalSection
	GlobalSection(ProjectConfigurationPlatforms) = postSolution
		{83351AA9-97AF-48F0-9FB6-FF4138D2614F}.Debug|Any CPU.ActiveCfg = Debug|Any CPU
		{83351AA9-97AF-48F0-9FB6-FF4138D2614F}.Debug|Any CPU.Build.0 = Debug|Any CPU
		{83351AA9-97AF-48F0-9FB6-FF4138D2614F}.Release|Any CPU.ActiveCfg = Release|Any CPU
		{83351AA9-97AF-48F0-9FB6-FF4138D2614F}.Release|Any CPU.Build.0 = Release|Any CPU
		{F1910380-59D8-47D8-9534-C763F7CCDB65}.Debug|Any CPU.ActiveCfg = Debug|Any CPU
		{F1910380-59D8-47D8-9534-C763F7CCDB65}.Debug|Any CPU.Build.0 = Debug|Any CPU
		{F1910380-59D8-47D8-9534-C763F7CCDB65}.Release|Any CPU.ActiveCfg = Release|Any CPU
		{F1910380-59D8-47D8-9534-C763F7CCDB65}.Release|Any CPU.Build.0 = Release|Any CPU
		{31ECF864-CA76-414A-9733-E1DA6451D99D}.Debug|Any CPU.ActiveCfg = Debug|Any CPU
		{31ECF864-CA76-414A-9733-E1DA6451D99D}.Debug|Any CPU.Build.0 = Debug|Any CPU
		{31ECF864-CA76-414A-9733-E1DA6451D99D}.Release|Any CPU.ActiveCfg = Release|Any CPU
		{31ECF864-CA76-414A-9733-E1DA6451D99D}.Release|Any CPU.Build.0 = Release|Any CPU
		{8200A10E-A858-4BD4-8186-7E534781E186}.Debug|Any CPU.ActiveCfg = Debug|Any CPU
		{8200A10E-A858-4BD4-8186-7E534781E186}.Debug|Any CPU.Build.0 = Debug|Any CPU
		{8200A10E-A858-4BD4-8186-7E534781E186}.Release|Any CPU.ActiveCfg = Release|Any CPU
		{8200A10E-A858-4BD4-8186-7E534781E186}.Release|Any CPU.Build.0 = Release|Any CPU
		{581746A0-EB9E-4F81-A5E6-B92ACC906864}.Debug|Any CPU.ActiveCfg = Debug|Any CPU
		{581746A0-EB9E-4F81-A5E6-B92ACC906864}.Debug|Any CPU.Build.0 = Debug|Any CPU
		{581746A0-EB9E-4F81-A5E6-B92ACC906864}.Release|Any CPU.ActiveCfg = Release|Any CPU
		{581746A0-EB9E-4F81-A5E6-B92ACC906864}.Release|Any CPU.Build.0 = Release|Any CPU
	EndGlobalSection
	GlobalSection(SolutionProperties) = preSolution
		HideSolutionNode = FALSE
	EndGlobalSection
EndGlobal
